// !$*UTF8*$!
{
	archiveVersion = 1;
	classes = {
	};
	objectVersion = 46;
	objects = {

/* Begin PBXBuildFile section */
		0E8FEBAF1C78691E003B37ED /* AppDelegate.swift in Sources */ = {isa = PBXBuildFile; fileRef = 0E8FEBAE1C78691E003B37ED /* AppDelegate.swift */; };
		0E8FEBB11C78691E003B37ED /* ViewController.swift in Sources */ = {isa = PBXBuildFile; fileRef = 0E8FEBB01C78691E003B37ED /* ViewController.swift */; };
		0E8FEBB41C78691E003B37ED /* Main.storyboard in Resources */ = {isa = PBXBuildFile; fileRef = 0E8FEBB21C78691E003B37ED /* Main.storyboard */; };
		0E8FEBB61C78691E003B37ED /* Assets.xcassets in Resources */ = {isa = PBXBuildFile; fileRef = 0E8FEBB51C78691E003B37ED /* Assets.xcassets */; };
		0E8FEBB91C78691E003B37ED /* LaunchScreen.storyboard in Resources */ = {isa = PBXBuildFile; fileRef = 0E8FEBB71C78691E003B37ED /* LaunchScreen.storyboard */; };
		0E8FEBC41C786B9D003B37ED /* ObjC_Exception.m in Sources */ = {isa = PBXBuildFile; fileRef = 0E8FEBC31C786B9D003B37ED /* ObjC_Exception.m */; };
		0E8FEBC91C786DBE003B37ED /* Exception.m in Sources */ = {isa = PBXBuildFile; fileRef = 0E8FEBC81C786DBE003B37ED /* Exception.m */; };
/* End PBXBuildFile section */

/* Begin PBXFileReference section */
		0E8FEBAB1C78691E003B37ED /* ObjC_Exception.app */ = {isa = PBXFileReference; explicitFileType = wrapper.application; includeInIndex = 0; path = ObjC_Exception.app; sourceTree = BUILT_PRODUCTS_DIR; };
		0E8FEBAE1C78691E003B37ED /* AppDelegate.swift */ = {isa = PBXFileReference; lastKnownFileType = sourcecode.swift; path = AppDelegate.swift; sourceTree = "<group>"; };
		0E8FEBB01C78691E003B37ED /* ViewController.swift */ = {isa = PBXFileReference; lastKnownFileType = sourcecode.swift; path = ViewController.swift; sourceTree = "<group>"; };
		0E8FEBB31C78691E003B37ED /* Base */ = {isa = PBXFileReference; lastKnownFileType = file.storyboard; name = Base; path = Base.lproj/Main.storyboard; sourceTree = "<group>"; };
		0E8FEBB51C78691E003B37ED /* Assets.xcassets */ = {isa = PBXFileReference; lastKnownFileType = folder.assetcatalog; path = Assets.xcassets; sourceTree = "<group>"; };
		0E8FEBB81C78691E003B37ED /* Base */ = {isa = PBXFileReference; lastKnownFileType = file.storyboard; name = Base; path = Base.lproj/LaunchScreen.storyboard; sourceTree = "<group>"; };
		0E8FEBBA1C78691E003B37ED /* Info.plist */ = {isa = PBXFileReference; lastKnownFileType = text.plist.xml; path = Info.plist; sourceTree = "<group>"; };
		0E8FEBC11C786B9D003B37ED /* ObjC_Exception-Bridging-Header.h */ = {isa = PBXFileReference; lastKnownFileType = sourcecode.c.h; path = "ObjC_Exception-Bridging-Header.h"; sourceTree = "<group>"; };
		0E8FEBC21C786B9D003B37ED /* ObjC_Exception.h */ = {isa = PBXFileReference; fileEncoding = 4; lastKnownFileType = sourcecode.c.h; path = ObjC_Exception.h; sourceTree = "<group>"; };
		0E8FEBC31C786B9D003B37ED /* ObjC_Exception.m */ = {isa = PBXFileReference; fileEncoding = 4; lastKnownFileType = sourcecode.c.objc; path = ObjC_Exception.m; sourceTree = "<group>"; };
		0E8FEBC71C786DBE003B37ED /* Exception.h */ = {isa = PBXFileReference; fileEncoding = 4; lastKnownFileType = sourcecode.c.h; path = Exception.h; sourceTree = "<group>"; };
		0E8FEBC81C786DBE003B37ED /* Exception.m */ = {isa = PBXFileReference; fileEncoding = 4; lastKnownFileType = sourcecode.c.objc; path = Exception.m; sourceTree = "<group>"; };
/* End PBXFileReference section */

/* Begin PBXFrameworksBuildPhase section */
		0E8FEBA81C78691E003B37ED /* Frameworks */ = {
			isa = PBXFrameworksBuildPhase;
			buildActionMask = 2147483647;
			files = (
			);
			runOnlyForDeploymentPostprocessing = 0;
		};
/* End PBXFrameworksBuildPhase section */

/* Begin PBXGroup section */
		0E8FEBA21C78691E003B37ED = {
			isa = PBXGroup;
			children = (
				0E8FEBAD1C78691E003B37ED /* ObjC_Exception */,
			);
			sourceTree = "<group>";
		};
		0E8FEBAC1C78691E003B37ED /* Products */ = {
			isa = PBXGroup;
			children = (
				0E8FEBAB1C78691E003B37ED /* ObjC_Exception.app */,
			);
			name = Products;
			path = ..;
			sourceTree = "<group>";
		};
		0E8FEBAD1C78691E003B37ED /* ObjC_Exception */ = {
			isa = PBXGroup;
			children = (
				0E8FEBC21C786B9D003B37ED /* ObjC_Exception.h */,
				0E8FEBC31C786B9D003B37ED /* ObjC_Exception.m */,
				0E8FEBC51C786CD9003B37ED /* Sample */,
			);
			path = ObjC_Exception;
			sourceTree = "<group>";
		};
		0E8FEBC51C786CD9003B37ED /* Sample */ = {
			isa = PBXGroup;
			children = (
				0E8FEBC11C786B9D003B37ED /* ObjC_Exception-Bridging-Header.h */,
				0E8FEBAE1C78691E003B37ED /* AppDelegate.swift */,
				0E8FEBB01C78691E003B37ED /* ViewController.swift */,
				0E8FEBC61C786D2E003B37ED /* ObjC */,
				0E8FEBB21C78691E003B37ED /* Main.storyboard */,
				0E8FEBB51C78691E003B37ED /* Assets.xcassets */,
				0E8FEBB71C78691E003B37ED /* LaunchScreen.storyboard */,
				0E8FEBBA1C78691E003B37ED /* Info.plist */,
				0E8FEBAC1C78691E003B37ED /* Products */,
			);
			name = Sample;
			path = sample;
			sourceTree = "<group>";
		};
		0E8FEBC61C786D2E003B37ED /* ObjC */ = {
			isa = PBXGroup;
			children = (
				0E8FEBC71C786DBE003B37ED /* Exception.h */,
				0E8FEBC81C786DBE003B37ED /* Exception.m */,
			);
			path = ObjC;
			sourceTree = "<group>";
		};
/* End PBXGroup section */

/* Begin PBXNativeTarget section */
		0E8FEBAA1C78691E003B37ED /* ObjC_Exception */ = {
			isa = PBXNativeTarget;
			buildConfigurationList = 0E8FEBBD1C78691E003B37ED /* Build configuration list for PBXNativeTarget "ObjC_Exception" */;
			buildPhases = (
				0E8FEBA71C78691E003B37ED /* Sources */,
				0E8FEBA81C78691E003B37ED /* Frameworks */,
				0E8FEBA91C78691E003B37ED /* Resources */,
			);
			buildRules = (
			);
			dependencies = (
			);
			name = ObjC_Exception;
			productName = ObjC_Exception;
			productReference = 0E8FEBAB1C78691E003B37ED /* ObjC_Exception.app */;
			productType = "com.apple.product-type.application";
		};
/* End PBXNativeTarget section */

/* Begin PBXProject section */
		0E8FEBA31C78691E003B37ED /* Project object */ = {
			isa = PBXProject;
			attributes = {
				LastSwiftUpdateCheck = 0720;
				LastUpgradeCheck = 0720;
				ORGANIZATIONNAME = M.Ike;
				TargetAttributes = {
					0E8FEBAA1C78691E003B37ED = {
						CreatedOnToolsVersion = 7.2.1;
					};
				};
			};
			buildConfigurationList = 0E8FEBA61C78691E003B37ED /* Build configuration list for PBXProject "ObjC_Exception" */;
			compatibilityVersion = "Xcode 3.2";
			developmentRegion = English;
			hasScannedForEncodings = 0;
			knownRegions = (
				en,
				Base,
			);
			mainGroup = 0E8FEBA21C78691E003B37ED;
			productRefGroup = 0E8FEBAC1C78691E003B37ED /* Products */;
			projectDirPath = "";
			projectRoot = "";
			targets = (
				0E8FEBAA1C78691E003B37ED /* ObjC_Exception */,
			);
		};
/* End PBXProject section */

/* Begin PBXResourcesBuildPhase section */
		0E8FEBA91C78691E003B37ED /* Resources */ = {
			isa = PBXResourcesBuildPhase;
			buildActionMask = 2147483647;
			files = (
				0E8FEBB91C78691E003B37ED /* LaunchScreen.storyboard in Resources */,
				0E8FEBB61C78691E003B37ED /* Assets.xcassets in Resources */,
				0E8FEBB41C78691E003B37ED /* Main.storyboard in Resources */,
			);
			runOnlyForDeploymentPostprocessing = 0;
		};
/* End PBXResourcesBuildPhase section */

/* Begin PBXSourcesBuildPhase section */
		0E8FEBA71C78691E003B37ED /* Sources */ = {
			isa = PBXSourcesBuildPhase;
			buildActionMask = 2147483647;
			files = (
				0E8FEBC91C786DBE003B37ED /* Exception.m in Sources */,
				0E8FEBB11C78691E003B37ED /* ViewController.swift in Sources */,
				0E8FEBAF1C78691E003B37ED /* AppDelegate.swift in Sources */,
				0E8FEBC41C786B9D003B37ED /* ObjC_Exception.m in Sources */,
			);
			runOnlyForDeploymentPostprocessing = 0;
		};
/* End PBXSourcesBuildPhase section */

/* Begin PBXVariantGroup section */
		0E8FEBB21C78691E003B37ED /* Main.storyboard */ = {
			isa = PBXVariantGroup;
			children = (
				0E8FEBB31C78691E003B37ED /* Base */,
			);
			name = Main.storyboard;
			sourceTree = "<group>";
		};
		0E8FEBB71C78691E003B37ED /* LaunchScreen.storyboard */ = {
			isa = PBXVariantGroup;
			children = (
				0E8FEBB81C78691E003B37ED /* Base */,
			);
			name = LaunchScreen.storyboard;
			sourceTree = "<group>";
		};
/* End PBXVariantGroup section */

/* Begin XCBuildConfiguration section */
		0E8FEBBB1C78691E003B37ED /* Debug */ = {
			isa = XCBuildConfiguration;
			buildSettings = {
				ALWAYS_SEARCH_USER_PATHS = NO;
				CLANG_CXX_LANGUAGE_STANDARD = "gnu++0x";
				CLANG_CXX_LIBRARY = "libc++";
				CLANG_ENABLE_MODULES = YES;
				CLANG_ENABLE_OBJC_ARC = YES;
				CLANG_WARN_BOOL_CONVERSION = YES;
				CLANG_WARN_CONSTANT_CONVERSION = YES;
				CLANG_WARN_DIRECT_OBJC_ISA_USAGE = YES_ERROR;
				CLANG_WARN_EMPTY_BODY = YES;
				CLANG_WARN_ENUM_CONVERSION = YES;
				CLANG_WARN_INT_CONVERSION = YES;
				CLANG_WARN_OBJC_ROOT_CLASS = YES_ERROR;
				CLANG_WARN_UNREACHABLE_CODE = YES;
				CLANG_WARN__DUPLICATE_METHOD_MATCH = YES;
				"CODE_SIGN_IDENTITY[sdk=iphoneos*]" = "iPhone Developer";
				COPY_PHASE_STRIP = NO;
				DEBUG_INFORMATION_FORMAT = dwarf;
				ENABLE_STRICT_OBJC_MSGSEND = YES;
				ENABLE_TESTABILITY = YES;
				GCC_C_LANGUAGE_STANDARD = gnu99;
				GCC_DYNAMIC_NO_PIC = NO;
				GCC_NO_COMMON_BLOCKS = YES;
				GCC_OPTIMIZATION_LEVEL = 0;
				GCC_PREPROCESSOR_DEFINITIONS = (
					"DEBUG=1",
					"$(inherited)",
				);
				GCC_WARN_64_TO_32_BIT_CONVERSION = YES;
				GCC_WARN_ABOUT_RETURN_TYPE = YES_ERROR;
				GCC_WARN_UNDECLARED_SELECTOR = YES;
				GCC_WARN_UNINITIALIZED_AUTOS = YES_AGGRESSIVE;
				GCC_WARN_UNUSED_FUNCTION = YES;
				GCC_WARN_UNUSED_VARIABLE = YES;
				IPHONEOS_DEPLOYMENT_TARGET = 9.2;
				MTL_ENABLE_DEBUG_INFO = YES;
				ONLY_ACTIVE_ARCH = YES;
				SDKROOT = iphoneos;
				SWIFT_OPTIMIZATION_LEVEL = "-Onone";
				TARGETED_DEVICE_FAMILY = "1,2";
			};
			name = Debug;
		};
		0E8FEBBC1C78691E003B37ED /* Release */ = {
			isa = XCBuildConfiguration;
			buildSettings = {
				ALWAYS_SEARCH_USER_PATHS = NO;
				CLANG_CXX_LANGUAGE_STANDARD = "gnu++0x";
				CLANG_CXX_LIBRARY = "libc++";
				CLANG_ENABLE_MODULES = YES;
				CLANG_ENABLE_OBJC_ARC = YES;
				CLANG_WARN_BOOL_CONVERSION = YES;
				CLANG_WARN_CONSTANT_CONVERSION = YES;
				CLANG_WARN_DIRECT_OBJC_ISA_USAGE = YES_ERROR;
				CLANG_WARN_EMPTY_BODY = YES;
				CLANG_WARN_ENUM_CONVERSION = YES;
				CLANG_WARN_INT_CONVERSION = YES;
				CLANG_WARN_OBJC_ROOT_CLASS = YES_ERROR;
				CLANG_WARN_UNREACHABLE_CODE = YES;
				CLANG_WARN__DUPLICATE_METHOD_MATCH = YES;
				"CODE_SIGN_IDENTITY[sdk=iphoneos*]" = "iPhone Developer";
				COPY_PHASE_STRIP = NO;
				DEBUG_INFORMATION_FORMAT = "dwarf-with-dsym";
				ENABLE_NS_ASSERTIONS = NO;
				ENABLE_STRICT_OBJC_MSGSEND = YES;
				GCC_C_LANGUAGE_STANDARD = gnu99;
				GCC_NO_COMMON_BLOCKS = YES;
				GCC_WARN_64_TO_32_BIT_CONVERSION = YES;
				GCC_WARN_ABOUT_RETURN_TYPE = YES_ERROR;
				GCC_WARN_UNDECLARED_SELECTOR = YES;
				GCC_WARN_UNINITIALIZED_AUTOS = YES_AGGRESSIVE;
				GCC_WARN_UNUSED_FUNCTION = YES;
				GCC_WARN_UNUSED_VARIABLE = YES;
				IPHONEOS_DEPLOYMENT_TARGET = 9.2;
				MTL_ENABLE_DEBUG_INFO = NO;
				SDKROOT = iphoneos;
				TARGETED_DEVICE_FAMILY = "1,2";
				VALIDATE_PRODUCT = YES;
			};
			name = Release;
		};
		0E8FEBBE1C78691E003B37ED /* Debug */ = {
			isa = XCBuildConfiguration;
			buildSettings = {
				ASSETCATALOG_COMPILER_APPICON_NAME = AppIcon;
				CLANG_ENABLE_MODULES = YES;
				INFOPLIST_FILE = "$(SRCROOT)/ObjC_Exception/sample/Info.plist";
				LD_RUNPATH_SEARCH_PATHS = "$(inherited) @executable_path/Frameworks";
				PRODUCT_BUNDLE_IDENTIFIER = "com.mikeneko-app.ObjC-Exception";
				PRODUCT_NAME = "$(TARGET_NAME)";
				SWIFT_OBJC_BRIDGING_HEADER = "ObjC_Exception/sample/ObjC_Exception-Bridging-Header.h";
				SWIFT_OPTIMIZATION_LEVEL = "-Onone";
			};
			name = Debug;
		};
		0E8FEBBF1C78691E003B37ED /* Release */ = {
			isa = XCBuildConfiguration;
			buildSettings = {
				ASSETCATALOG_COMPILER_APPICON_NAME = AppIcon;
				CLANG_ENABLE_MODULES = YES;
				INFOPLIST_FILE = "$(SRCROOT)/ObjC_Exception/sample/Info.plist";
				LD_RUNPATH_SEARCH_PATHS = "$(inherited) @executable_path/Frameworks";
				PRODUCT_BUNDLE_IDENTIFIER = "com.mikeneko-app.ObjC-Exception";
				PRODUCT_NAME = "$(TARGET_NAME)";
				SWIFT_OBJC_BRIDGING_HEADER = "ObjC_Exception/sample/ObjC_Exception-Bridging-Header.h";
			};
			name = Release;
		};
/* End XCBuildConfiguration section */

/* Begin XCConfigurationList section */
		0E8FEBA61C78691E003B37ED /* Build configuration list for PBXProject "ObjC_Exception" */ = {
			isa = XCConfigurationList;
			buildConfigurations = (
				0E8FEBBB1C78691E003B37ED /* Debug */,
				0E8FEBBC1C78691E003B37ED /* Release */,
			);
			defaultConfigurationIsVisible = 0;
			defaultConfigurationName = Release;
		};
		0E8FEBBD1C78691E003B37ED /* Build configuration list for PBXNativeTarget "ObjC_Exception" */ = {
			isa = XCConfigurationList;
			buildConfigurations = (
				0E8FEBBE1C78691E003B37ED /* Debug */,
				0E8FEBBF1C78691E003B37ED /* Release */,
			);
			defaultConfigurationIsVisible = 0;
			defaultConfigurationName = Release;
		};
/* End XCConfigurationList section */
	};
	rootObject = 0E8FEBA31C78691E003B37ED /* Project object */;
}
